// !$*UTF8*$!
{
	archiveVersion = 1;
	classes = {
	};
	objectVersion = 46;
	objects = {

/* Begin PBXBuildFile section */
		562A05651E7ECA2F00EA0F35 /* AppDelegate.swift in Sources */ = {isa = PBXBuildFile; fileRef = 562A05641E7ECA2F00EA0F35 /* AppDelegate.swift */; };
		562A05671E7ECA2F00EA0F35 /* ViewController.swift in Sources */ = {isa = PBXBuildFile; fileRef = 562A05661E7ECA2F00EA0F35 /* ViewController.swift */; };
		562A056A1E7ECA2F00EA0F35 /* Main.storyboard in Resources */ = {isa = PBXBuildFile; fileRef = 562A05681E7ECA2F00EA0F35 /* Main.storyboard */; };
		562A056C1E7ECA2F00EA0F35 /* Assets.xcassets in Resources */ = {isa = PBXBuildFile; fileRef = 562A056B1E7ECA2F00EA0F35 /* Assets.xcassets */; };
		562A056F1E7ECA2F00EA0F35 /* LaunchScreen.storyboard in Resources */ = {isa = PBXBuildFile; fileRef = 562A056D1E7ECA2F00EA0F35 /* LaunchScreen.storyboard */; };
/* End PBXBuildFile section */

/* Begin PBXFileReference section */
		562A05611E7ECA2F00EA0F35 /* Beer Money Application.app */ = {isa = PBXFileReference; explicitFileType = wrapper.application; includeInIndex = 0; path = "Beer Money Application.app"; sourceTree = BUILT_PRODUCTS_DIR; };
		562A05641E7ECA2F00EA0F35 /* AppDelegate.swift */ = {isa = PBXFileReference; lastKnownFileType = sourcecode.swift; path = AppDelegate.swift; sourceTree = "<group>"; };
		562A05661E7ECA2F00EA0F35 /* ViewController.swift */ = {isa = PBXFileReference; lastKnownFileType = sourcecode.swift; path = ViewController.swift; sourceTree = "<group>"; };
		562A05691E7ECA2F00EA0F35 /* Base */ = {isa = PBXFileReference; lastKnownFileType = file.storyboard; name = Base; path = Base.lproj/Main.storyboard; sourceTree = "<group>"; };
		562A056B1E7ECA2F00EA0F35 /* Assets.xcassets */ = {isa = PBXFileReference; lastKnownFileType = folder.assetcatalog; path = Assets.xcassets; sourceTree = "<group>"; };
		562A056E1E7ECA2F00EA0F35 /* Base */ = {isa = PBXFileReference; lastKnownFileType = file.storyboard; name = Base; path = Base.lproj/LaunchScreen.storyboard; sourceTree = "<group>"; };
		562A05701E7ECA2F00EA0F35 /* Info.plist */ = {isa = PBXFileReference; lastKnownFileType = text.plist.xml; path = Info.plist; sourceTree = "<group>"; };
/* End PBXFileReference section */

/* Begin PBXFrameworksBuildPhase section */
		562A055E1E7ECA2E00EA0F35 /* Frameworks */ = {
			isa = PBXFrameworksBuildPhase;
			buildActionMask = 2147483647;
			files = (
			);
			runOnlyForDeploymentPostprocessing = 0;
		};
/* End PBXFrameworksBuildPhase section */

/* Begin PBXGroup section */
		562A05581E7ECA2E00EA0F35 = {
			isa = PBXGroup;
			children = (
				562A05631E7ECA2F00EA0F35 /* Beer Money Application */,
				562A05621E7ECA2F00EA0F35 /* Products */,
			);
			sourceTree = "<group>";
		};
		562A05621E7ECA2F00EA0F35 /* Products */ = {
			isa = PBXGroup;
			children = (
				562A05611E7ECA2F00EA0F35 /* Beer Money Application.app */,
			);
			name = Products;
			sourceTree = "<group>";
		};
		562A05631E7ECA2F00EA0F35 /* Beer Money Application */ = {
			isa = PBXGroup;
			children = (
				562A05641E7ECA2F00EA0F35 /* AppDelegate.swift */,
				562A05661E7ECA2F00EA0F35 /* ViewController.swift */,
				562A05681E7ECA2F00EA0F35 /* Main.storyboard */,
				562A056B1E7ECA2F00EA0F35 /* Assets.xcassets */,
				562A056D1E7ECA2F00EA0F35 /* LaunchScreen.storyboard */,
				562A05701E7ECA2F00EA0F35 /* Info.plist */,
			);
			path = "Beer Money Application";
			sourceTree = "<group>";
		};
/* End PBXGroup section */

/* Begin PBXNativeTarget section */
		562A05601E7ECA2E00EA0F35 /* Beer Money Application */ = {
			isa = PBXNativeTarget;
			buildConfigurationList = 562A05731E7ECA2F00EA0F35 /* Build configuration list for PBXNativeTarget "Beer Money Application" */;
			buildPhases = (
				562A055D1E7ECA2E00EA0F35 /* Sources */,
				562A055E1E7ECA2E00EA0F35 /* Frameworks */,
				562A055F1E7ECA2E00EA0F35 /* Resources */,
			);
			buildRules = (
			);
			dependencies = (
			);
			name = "Beer Money Application";
			productName = "Beer Money Application";
			productReference = 562A05611E7ECA2F00EA0F35 /* Beer Money Application.app */;
			productType = "com.apple.product-type.application";
		};
/* End PBXNativeTarget section */

/* Begin PBXProject section */
		562A05591E7ECA2E00EA0F35 /* Project object */ = {
			isa = PBXProject;
			attributes = {
				LastSwiftUpdateCheck = 0720;
				LastUpgradeCheck = 0720;
				ORGANIZATIONNAME = "Beer Money App";
				TargetAttributes = {
					562A05601E7ECA2E00EA0F35 = {
						CreatedOnToolsVersion = 7.2.1;
					};
				};
			};
			buildConfigurationList = 562A055C1E7ECA2E00EA0F35 /* Build configuration list for PBXProject "Beer Money Application" */;
			compatibilityVersion = "Xcode 3.2";
			developmentRegion = English;
			hasScannedForEncodings = 0;
			knownRegions = (
				en,
				Base,
			);
			mainGroup = 562A05581E7ECA2E00EA0F35;
			productRefGroup = 562A05621E7ECA2F00EA0F35 /* Products */;
			projectDirPath = "";
			projectRoot = "";
			targets = (
				562A05601E7ECA2E00EA0F35 /* Beer Money Application */,
			);
		};
/* End PBXProject section */

/* Begin PBXResourcesBuildPhase section */
		562A055F1E7ECA2E00EA0F35 /* Resources */ = {
			isa = PBXResourcesBuildPhase;
			buildActionMask = 2147483647;
			files = (
				562A056F1E7ECA2F00EA0F35 /* LaunchScreen.storyboard in Resources */,
				562A056C1E7ECA2F00EA0F35 /* Assets.xcassets in Resources */,
				562A056A1E7ECA2F00EA0F35 /* Main.storyboard in Resources */,
			);
			runOnlyForDeploymentPostprocessing = 0;
		};
/* End PBXResourcesBuildPhase section */

/* Begin PBXSourcesBuildPhase section */
		562A055D1E7ECA2E00EA0F35 /* Sources */ = {
			isa = PBXSourcesBuildPhase;
			buildActionMask = 2147483647;
			files = (
				562A05671E7ECA2F00EA0F35 /* ViewController.swift in Sources */,
				562A05651E7ECA2F00EA0F35 /* AppDelegate.swift in Sources */,
			);
			runOnlyForDeploymentPostprocessing = 0;
		};
/* End PBXSourcesBuildPhase section */

/* Begin PBXVariantGroup section */
		562A05681E7ECA2F00EA0F35 /* Main.storyboard */ = {
			isa = PBXVariantGroup;
			children = (
				562A05691E7ECA2F00EA0F35 /* Base */,
			);
			name = Main.storyboard;
			sourceTree = "<group>";
		};
		562A056D1E7ECA2F00EA0F35 /* LaunchScreen.storyboard */ = {
			isa = PBXVariantGroup;
			children = (
				562A056E1E7ECA2F00EA0F35 /* Base */,
			);
			name = LaunchScreen.storyboard;
			sourceTree = "<group>";
		};
/* End PBXVariantGroup section */

/* Begin XCBuildConfiguration section */
		562A05711E7ECA2F00EA0F35 /* Debug */ = {
			isa = XCBuildConfiguration;
			buildSettings = {
				ALWAYS_SEARCH_USER_PATHS = NO;
				CLANG_CXX_LANGUAGE_STANDARD = "gnu++0x";
				CLANG_CXX_LIBRARY = "libc++";
				CLANG_ENABLE_MODULES = YES;
				CLANG_ENABLE_OBJC_ARC = YES;
				CLANG_WARN_BOOL_CONVERSION = YES;
				CLANG_WARN_CONSTANT_CONVERSION = YES;
				CLANG_WARN_DIRECT_OBJC_ISA_USAGE = YES_ERROR;
				CLANG_WARN_EMPTY_BODY = YES;
				CLANG_WARN_ENUM_CONVERSION = YES;
				CLANG_WARN_INT_CONVERSION = YES;
				CLANG_WARN_OBJC_ROOT_CLASS = YES_ERROR;
				CLANG_WARN_UNREACHABLE_CODE = YES;
				CLANG_WARN__DUPLICATE_METHOD_MATCH = YES;
				"CODE_SIGN_IDENTITY[sdk=iphoneos*]" = "iPhone Developer";
				COPY_PHASE_STRIP = NO;
				DEBUG_INFORMATION_FORMAT = dwarf;
				ENABLE_STRICT_OBJC_MSGSEND = YES;
				ENABLE_TESTABILITY = YES;
				GCC_C_LANGUAGE_STANDARD = gnu99;
				GCC_DYNAMIC_NO_PIC = NO;
				GCC_NO_COMMON_BLOCKS = YES;
				GCC_OPTIMIZATION_LEVEL = 0;
				GCC_PREPROCESSOR_DEFINITIONS = (
					"DEBUG=1",
					"$(inherited)",
				);
				GCC_WARN_64_TO_32_BIT_CONVERSION = YES;
				GCC_WARN_ABOUT_RETURN_TYPE = YES_ERROR;
				GCC_WARN_UNDECLARED_SELECTOR = YES;
				GCC_WARN_UNINITIALIZED_AUTOS = YES_AGGRESSIVE;
				GCC_WARN_UNUSED_FUNCTION = YES;
				GCC_WARN_UNUSED_VARIABLE = YES;
				IPHONEOS_DEPLOYMENT_TARGET = 9.2;
				MTL_ENABLE_DEBUG_INFO = YES;
				ONLY_ACTIVE_ARCH = YES;
				SDKROOT = iphoneos;
				SWIFT_OPTIMIZATION_LEVEL = "-Onone";
			};
			name = Debug;
		};
		562A05721E7ECA2F00EA0F35 /* Release */ = {
			isa = XCBuildConfiguration;
			buildSettings = {
				ALWAYS_SEARCH_USER_PATHS = NO;
				CLANG_CXX_LANGUAGE_STANDARD = "gnu++0x";
				CLANG_CXX_LIBRARY = "libc++";
				CLANG_ENABLE_MODULES = YES;
				CLANG_ENABLE_OBJC_ARC = YES;
				CLANG_WARN_BOOL_CONVERSION = YES;
				CLANG_WARN_CONSTANT_CONVERSION = YES;
				CLANG_WARN_DIRECT_OBJC_ISA_USAGE = YES_ERROR;
				CLANG_WARN_EMPTY_BODY = YES;
				CLANG_WARN_ENUM_CONVERSION = YES;
				CLANG_WARN_INT_CONVERSION = YES;
				CLANG_WARN_OBJC_ROOT_CLASS = YES_ERROR;
				CLANG_WARN_UNREACHABLE_CODE = YES;
				CLANG_WARN__DUPLICATE_METHOD_MATCH = YES;
				"CODE_SIGN_IDENTITY[sdk=iphoneos*]" = "iPhone Developer";
				COPY_PHASE_STRIP = NO;
				DEBUG_INFORMATION_FORMAT = "dwarf-with-dsym";
				ENABLE_NS_ASSERTIONS = NO;
				ENABLE_STRICT_OBJC_MSGSEND = YES;
				GCC_C_LANGUAGE_STANDARD = gnu99;
				GCC_NO_COMMON_BLOCKS = YES;
				GCC_WARN_64_TO_32_BIT_CONVERSION = YES;
				GCC_WARN_ABOUT_RETURN_TYPE = YES_ERROR;
				GCC_WARN_UNDECLARED_SELECTOR = YES;
				GCC_WARN_UNINITIALIZED_AUTOS = YES_AGGRESSIVE;
				GCC_WARN_UNUSED_FUNCTION = YES;
				GCC_WARN_UNUSED_VARIABLE = YES;
				IPHONEOS_DEPLOYMENT_TARGET = 9.2;
				MTL_ENABLE_DEBUG_INFO = NO;
				SDKROOT = iphoneos;
				VALIDATE_PRODUCT = YES;
			};
			name = Release;
		};
		562A05741E7ECA2F00EA0F35 /* Debug */ = {
			isa = XCBuildConfiguration;
			buildSettings = {
				ASSETCATALOG_COMPILER_APPICON_NAME = AppIcon;
				INFOPLIST_FILE = "Beer Money Application/Info.plist";
				LD_RUNPATH_SEARCH_PATHS = "$(inherited) @executable_path/Frameworks";
				PRODUCT_BUNDLE_IDENTIFIER = "EastMadisonTechnologyGroup.Beer-Money-Application";
				PRODUCT_NAME = "$(TARGET_NAME)";
			};
			name = Debug;
		};
		562A05751E7ECA2F00EA0F35 /* Release */ = {
			isa = XCBuildConfiguration;
			buildSettings = {
				ASSETCATALOG_COMPILER_APPICON_NAME = AppIcon;
				INFOPLIST_FILE = "Beer Money Application/Info.plist";
				LD_RUNPATH_SEARCH_PATHS = "$(inherited) @executable_path/Frameworks";
				PRODUCT_BUNDLE_IDENTIFIER = "EastMadisonTechnologyGroup.Beer-Money-Application";
				PRODUCT_NAME = "$(TARGET_NAME)";
			};
			name = Release;
		};
/* End XCBuildConfiguration section */

/* Begin XCConfigurationList section */
		562A055C1E7ECA2E00EA0F35 /* Build configuration list for PBXProject "Beer Money Application" */ = {
			isa = XCConfigurationList;
			buildConfigurations = (
				562A05711E7ECA2F00EA0F35 /* Debug */,
				562A05721E7ECA2F00EA0F35 /* Release */,
			);
			defaultConfigurationIsVisible = 0;
			defaultConfigurationName = Release;
		};
		562A05731E7ECA2F00EA0F35 /* Build configuration list for PBXNativeTarget "Beer Money Application" */ = {
			isa = XCConfigurationList;
			buildConfigurations = (
				562A05741E7ECA2F00EA0F35 /* Debug */,
				562A05751E7ECA2F00EA0F35 /* Release */,
			);
			defaultConfigurationIsVisible = 0;
		};
/* End XCConfigurationList section */
	};
	rootObject = 562A05591E7ECA2E00EA0F35 /* Project object */;
}
